
Microsoft Visual Studio Solution File, Format Version 12.00
# Visual Studio Version 17
VisualStudioVersion = 17.8.34525.116
MinimumVisualStudioVersion = 10.0.40219.1
Project("{9A19103F-16F7-4668-BE54-9A1E7A4F7556}") = "Domain", "AircraftSimultarorsControl\Domain.csproj", "{D4C4859D-7B51-49AB-8CFF-5E6B5BAE4545}"
EndProject
Project("{2150E333-8FDC-42A3-9474-1A3956D46DE8}") = "Microservices", "Microservices", "{76364F2E-14F5-4BC7-B35F-35C6A0CC77E9}"
EndProject
Project("{FAE04EC0-301F-11D3-BF4B-00C04F79EFBC}") = "DAL", "DAL\DAL.csproj", "{D34305EE-6852-4479-A63D-60D8EBC38407}"
EndProject
Project("{FAE04EC0-301F-11D3-BF4B-00C04F79EFBC}") = "AircraftSimulator", "AircraftSimulator\AircraftSimulator.csproj", "{01B96D3A-630C-458D-BDAC-CE012C9FFE7E}"
EndProject
Global
	GlobalSection(SolutionConfigurationPlatforms) = preSolution
		Debug|Any CPU = Debug|Any CPU
		Release|Any CPU = Release|Any CPU
	EndGlobalSection
	GlobalSection(ProjectConfigurationPlatforms) = postSolution
		{D4C4859D-7B51-49AB-8CFF-5E6B5BAE4545}.Debug|Any CPU.ActiveCfg = Debug|Any CPU
		{D4C4859D-7B51-49AB-8CFF-5E6B5BAE4545}.Debug|Any CPU.Build.0 = Debug|Any CPU
		{D4C4859D-7B51-49AB-8CFF-5E6B5BAE4545}.Release|Any CPU.ActiveCfg = Release|Any CPU
		{D4C4859D-7B51-49AB-8CFF-5E6B5BAE4545}.Release|Any CPU.Build.0 = Release|Any CPU
		{D34305EE-6852-4479-A63D-60D8EBC38407}.Debug|Any CPU.ActiveCfg = Debug|Any CPU
		{D34305EE-6852-4479-A63D-60D8EBC38407}.Debug|Any CPU.Build.0 = Debug|Any CPU
		{D34305EE-6852-4479-A63D-60D8EBC38407}.Release|Any CPU.ActiveCfg = Release|Any CPU
		{D34305EE-6852-4479-A63D-60D8EBC38407}.Release|Any CPU.Build.0 = Release|Any CPU
		{01B96D3A-630C-458D-BDAC-CE012C9FFE7E}.Debug|Any CPU.ActiveCfg = Debug|Any CPU
		{01B96D3A-630C-458D-BDAC-CE012C9FFE7E}.Debug|Any CPU.Build.0 = Debug|Any CPU
		{01B96D3A-630C-458D-BDAC-CE012C9FFE7E}.Release|Any CPU.ActiveCfg = Release|Any CPU
		{01B96D3A-630C-458D-BDAC-CE012C9FFE7E}.Release|Any CPU.Build.0 = Release|Any CPU
	EndGlobalSection
	GlobalSection(SolutionProperties) = preSolution
		HideSolutionNode = FALSE
	EndGlobalSection
	GlobalSection(NestedProjects) = preSolution
		{D4C4859D-7B51-49AB-8CFF-5E6B5BAE4545} = {76364F2E-14F5-4BC7-B35F-35C6A0CC77E9}
		{D34305EE-6852-4479-A63D-60D8EBC38407} = {76364F2E-14F5-4BC7-B35F-35C6A0CC77E9}
		{01B96D3A-630C-458D-BDAC-CE012C9FFE7E} = {76364F2E-14F5-4BC7-B35F-35C6A0CC77E9}
	EndGlobalSection
	GlobalSection(ExtensibilityGlobals) = postSolution
		SolutionGuid = {1ECCA165-9AD9-4B64-9D51-B02DAB1BD7A4}
	EndGlobalSection
EndGlobal
